
Microsoft Visual Studio Solution File, Format Version 12.00
# Visual Studio 2012
Project("{FAE04EC0-301F-11D3-BF4B-00C04F79EFBC}") = "SampleApplication", "SampleApplication\SampleApplication.csproj", "{1944F9B7-316A-45EB-AD9F-9D2CB76AB528}"
EndProject
Project("{FAE04EC0-301F-11D3-BF4B-00C04F79EFBC}") = "SampleApplication.Tests", "SampleApplication.Tests\SampleApplication.Tests.csproj", "{C1FA44AD-7DFC-4D12-B012-404247BCA014}"
EndProject
Global
	GlobalSection(TeamFoundationVersionControl) = preSolution
		SccNumberOfProjects = 3
		SccEnterpriseProvider = {4CA58AB2-18FA-4F8D-95D4-32DDF27D184C}
		SccTeamFoundationServer = https://isemyan.visualstudio.com/defaultcollection
		SccLocalPath0 = .
		SccProjectUniqueName1 = SampleApplication.Tests\\SampleApplication.Tests.csproj
		SccProjectName1 = SampleApplication.Tests
		SccLocalPath1 = SampleApplication.Tests
		SccProjectUniqueName2 = SampleApplication\\SampleApplication.csproj
		SccProjectName2 = SampleApplication
		SccLocalPath2 = SampleApplication
	EndGlobalSection
	GlobalSection(SolutionConfigurationPlatforms) = preSolution
		Debug|Any CPU = Debug|Any CPU
		Release|Any CPU = Release|Any CPU
	EndGlobalSection
	GlobalSection(ProjectConfigurationPlatforms) = postSolution
		{1944F9B7-316A-45EB-AD9F-9D2CB76AB528}.Debug|Any CPU.ActiveCfg = Debug|Any CPU
		{1944F9B7-316A-45EB-AD9F-9D2CB76AB528}.Debug|Any CPU.Build.0 = Debug|Any CPU
		{1944F9B7-316A-45EB-AD9F-9D2CB76AB528}.Release|Any CPU.ActiveCfg = Release|Any CPU
		{1944F9B7-316A-45EB-AD9F-9D2CB76AB528}.Release|Any CPU.Build.0 = Release|Any CPU
		{C1FA44AD-7DFC-4D12-B012-404247BCA014}.Debug|Any CPU.ActiveCfg = Debug|Any CPU
		{C1FA44AD-7DFC-4D12-B012-404247BCA014}.Debug|Any CPU.Build.0 = Debug|Any CPU
		{C1FA44AD-7DFC-4D12-B012-404247BCA014}.Release|Any CPU.ActiveCfg = Release|Any CPU
		{C1FA44AD-7DFC-4D12-B012-404247BCA014}.Release|Any CPU.Build.0 = Release|Any CPU
	EndGlobalSection
	GlobalSection(SolutionProperties) = preSolution
		HideSolutionNode = FALSE
	EndGlobalSection
EndGlobal
